Microsoft Visual Studio Solution File, Format Version 12.00
# Visual Studio Version 17
VisualStudioVersion = 17.5.2.0
MinimumVisualStudioVersion = 10.0.40219.1
Project("{FAE04EC0-301F-11D3-BF4B-00C04F79EFBC}") = "SimplePeopleApi", "SimplePeopleApi\SimplePeopleApi.csproj", "{D8FD3FB5-D791-499A-5587-C72B479E51B1}"
EndProject
Global
	GlobalSection(SolutionConfigurationPlatforms) = preSolution
		Debug|Any CPU = Debug|Any CPU
		Release|Any CPU = Release|Any CPU
	EndGlobalSection
	GlobalSection(ProjectConfigurationPlatforms) = postSolution
		{D8FD3FB5-D791-499A-5587-C72B479E51B1}.Debug|Any CPU.ActiveCfg = Debug|Any CPU
		{D8FD3FB5-D791-499A-5587-C72B479E51B1}.Debug|Any CPU.Build.0 = Debug|Any CPU
		{D8FD3FB5-D791-499A-5587-C72B479E51B1}.Release|Any CPU.ActiveCfg = Release|Any CPU
		{D8FD3FB5-D791-499A-5587-C72B479E51B1}.Release|Any CPU.Build.0 = Release|Any CPU
	EndGlobalSection
	GlobalSection(SolutionProperties) = preSolution
		HideSolutionNode = FALSE
	EndGlobalSection
	GlobalSection(ExtensibilityGlobals) = postSolution
		SolutionGuid = {523E89E6-36C0-4223-A21A-031D600E3089}
	EndGlobalSection
EndGlobal
